# This file is autogenerated, do not edit; changes may be undone by the next 'dep ensure'.


[[projects]]
  name = "github.com/Songmu/axslogparser"
  packages = ["."]
  revision = "bf78871227132ce86c3b82f4f154539c657fcd55"
  version = "v1.0.0"

[[projects]]
  branch = "master"
  name = "github.com/Songmu/go-ltsv"
  packages = ["."]
  revision = "fa2196a290e61d8689cd018048cbb6f14802782b"

[[projects]]
  name = "github.com/pkg/errors"
  packages = ["."]
  revision = "645ef00459ed84a119197bfb8d8205042c6df63d"
  version = "v0.8.0"

[solve-meta]
  analyzer-name = "dep"
  analyzer-version = 1
  inputs-digest = "8ca3f978ba45307b8105dcc89884d01b358295125431202ee32f2c0d782d9c06"
  solver-name = "gps-cdcl"
  solver-version = 1
